
Microsoft Visual Studio Solution File, Format Version 12.00
# Visual Studio Version 16
VisualStudioVersion = 16.0.31911.196
MinimumVisualStudioVersion = 10.0.40219.1
Project("{00D1A9C2-B5F0-4AF3-8072-F6C62B433612}") = "customer-db", "customer-db.sqlproj", "{A70DF74E-C9C7-421A-98D1-8893F7BD363E}"
EndProject
Global
	GlobalSection(SolutionConfigurationPlatforms) = preSolution
		Debug|Any CPU = Debug|Any CPU
		Release|Any CPU = Release|Any CPU
	EndGlobalSection
	GlobalSection(ProjectConfigurationPlatforms) = postSolution
		{A70DF74E-C9C7-421A-98D1-8893F7BD363E}.Debug|Any CPU.ActiveCfg = Debug|Any CPU
		{A70DF74E-C9C7-421A-98D1-8893F7BD363E}.Debug|Any CPU.Build.0 = Debug|Any CPU
		{A70DF74E-C9C7-421A-98D1-8893F7BD363E}.Debug|Any CPU.Deploy.0 = Debug|Any CPU
		{A70DF74E-C9C7-421A-98D1-8893F7BD363E}.Release|Any CPU.ActiveCfg = Release|Any CPU
		{A70DF74E-C9C7-421A-98D1-8893F7BD363E}.Release|Any CPU.Build.0 = Release|Any CPU
		{A70DF74E-C9C7-421A-98D1-8893F7BD363E}.Release|Any CPU.Deploy.0 = Release|Any CPU
	EndGlobalSection
	GlobalSection(SolutionProperties) = preSolution
		HideSolutionNode = FALSE
	EndGlobalSection
	GlobalSection(ExtensibilityGlobals) = postSolution
		SolutionGuid = {782F76F3-5001-493E-843D-5E78C47C69FB}
	EndGlobalSection
EndGlobal
